PODS:
  - Alamofire (5.0.0-beta.6)
  - AppCenter (2.1.0):
    - AppCenter/Analytics (= 2.1.0)
    - AppCenter/Crashes (= 2.1.0)
  - AppCenter/Analytics (2.1.0):
    - AppCenter/Core
  - AppCenter/Core (2.1.0)
  - AppCenter/Crashes (2.1.0):
    - AppCenter/Core
  - Crashlytics (3.13.4):
    - Fabric (~> 1.10.2)
  - EZAlertController (3.2)
  - Fabric (1.10.2)
  - Firebase/Core (6.7.0):
    - Firebase/CoreOnly
    - FirebaseAnalytics (= 6.1.1)
  - Firebase/CoreOnly (6.7.0):
    - FirebaseCore (= 6.2.1)
  - Firebase/Database (6.7.0):
    - Firebase/CoreOnly
    - FirebaseDatabase (~> 6.1.0)
  - Firebase/Performance (6.7.0):
    - Firebase/CoreOnly
    - FirebasePerformance (~> 3.1.2)
  - FirebaseABTesting (3.1.0):
    - FirebaseAnalyticsInterop (~> 1.3)
    - FirebaseCore (~> 6.1)
    - Protobuf (~> 3.8)
  - FirebaseAnalytics (6.1.1):
    - FirebaseCore (~> 6.2)
    - FirebaseInstanceID (~> 4.2)
    - GoogleAppMeasurement (= 6.1.1)
    - GoogleUtilities/AppDelegateSwizzler (~> 6.0)
    - GoogleUtilities/MethodSwizzler (~> 6.0)
    - GoogleUtilities/Network (~> 6.0)
    - "GoogleUtilities/NSData+zlib (~> 6.0)"
    - nanopb (~> 0.3)
  - FirebaseAnalyticsInterop (1.4.0)
  - FirebaseAuthInterop (1.0.0)
  - FirebaseCore (6.2.1):
    - FirebaseCoreDiagnostics (~> 1.0)
    - FirebaseCoreDiagnosticsInterop (~> 1.0)
    - GoogleUtilities/Environment (~> 6.2)
    - GoogleUtilities/Logger (~> 6.2)
  - FirebaseCoreDiagnostics (1.0.1):
    - FirebaseCoreDiagnosticsInterop (~> 1.0)
    - GoogleDataTransportCCTSupport (~> 1.0)
    - GoogleUtilities/Environment (~> 6.2)
    - GoogleUtilities/Logger (~> 6.2)
  - FirebaseCoreDiagnosticsInterop (1.0.0)
  - FirebaseDatabase (6.1.0):
    - FirebaseAuthInterop (~> 1.0)
    - FirebaseCore (~> 6.0)
    - leveldb-library (~> 1.18)
  - FirebaseInstanceID (4.2.3):
    - FirebaseCore (~> 6.0)
    - GoogleUtilities/Environment (~> 6.0)
    - GoogleUtilities/UserDefaults (~> 6.0)
  - FirebasePerformance (3.1.2):
    - FirebaseCore (~> 6.2)
    - FirebaseInstanceID (~> 4.2)
    - FirebaseRemoteConfig (~> 4.2)
    - GoogleToolboxForMac/Logger (~> 2.1)
    - "GoogleToolboxForMac/NSData+zlib (~> 2.1)"
    - GoogleUtilities/Environment (~> 6.0)
    - GoogleUtilities/ISASwizzler (~> 6.0)
    - GoogleUtilities/MethodSwizzler (~> 6.0)
    - GTMSessionFetcher/Core (~> 1.1)
    - Protobuf (~> 3.5)
  - FirebaseRemoteConfig (4.3.0):
    - FirebaseABTesting (~> 3.1)
    - FirebaseAnalyticsInterop (~> 1.4)
    - FirebaseCore (~> 6.2)
    - FirebaseInstanceID (~> 4.2)
    - GoogleUtilities/Environment (~> 6.0)
    - "GoogleUtilities/NSData+zlib (~> 6.0)"
    - Protobuf (~> 3.5)
  - GoogleAppMeasurement (6.1.1):
    - GoogleUtilities/AppDelegateSwizzler (~> 6.0)
    - GoogleUtilities/MethodSwizzler (~> 6.0)
    - GoogleUtilities/Network (~> 6.0)
    - "GoogleUtilities/NSData+zlib (~> 6.0)"
    - nanopb (~> 0.3)
  - GoogleDataTransport (1.1.2)
  - GoogleDataTransportCCTSupport (1.0.2):
    - GoogleDataTransport (~> 1.1)
    - nanopb
  - GoogleToolboxForMac/Defines (2.2.1)
  - GoogleToolboxForMac/Logger (2.2.1):
    - GoogleToolboxForMac/Defines (= 2.2.1)
  - "GoogleToolboxForMac/NSData+zlib (2.2.1)":
    - GoogleToolboxForMac/Defines (= 2.2.1)
  - GoogleUtilities/AppDelegateSwizzler (6.2.5):
    - GoogleUtilities/Environment
    - GoogleUtilities/Logger
    - GoogleUtilities/Network
  - GoogleUtilities/Environment (6.2.5)
  - GoogleUtilities/ISASwizzler (6.2.5)
  - GoogleUtilities/Logger (6.2.5):
    - GoogleUtilities/Environment
  - GoogleUtilities/MethodSwizzler (6.2.5):
    - GoogleUtilities/Logger
  - GoogleUtilities/Network (6.2.5):
    - GoogleUtilities/Logger
    - "GoogleUtilities/NSData+zlib"
    - GoogleUtilities/Reachability
  - "GoogleUtilities/NSData+zlib (6.2.5)"
  - GoogleUtilities/Reachability (6.2.5):
    - GoogleUtilities/Logger
  - GoogleUtilities/UserDefaults (6.2.5):
    - GoogleUtilities/Logger
  - GTMSessionFetcher/Core (1.2.2)
  - IGColorPicker (0.4.2):
    - M13Checkbox (~> 3.4.0)
  - leveldb-library (1.22)
  - M13Checkbox (3.4.0)
  - nanopb (0.3.901):
    - nanopb/decode (= 0.3.901)
    - nanopb/encode (= 0.3.901)
  - nanopb/decode (0.3.901)
  - nanopb/encode (0.3.901)
  - Protobuf (3.9.0)
  - RevealingSplashView (0.8.0)
  - SCLAlertView (0.8)
  - SnapKit (5.0.0)
  - SPAlert (1.1.1)
  - SPFakeBar (1.0.9)
  - SPStorkController (1.7.5)
  - SwiftyJSON (5.0.0)
  - SwipeableTabBarController (2.1.1)
  - WhatsNewKit (1.2.0)

DEPENDENCIES:
  - Alamofire (~> 5.0.0-beta.6)
  - AppCenter
  - Crashlytics (~> 3.13)
  - EZAlertController (= 3.2)
  - Fabric
  - Firebase/Core
  - Firebase/Database
  - Firebase/Performance
  - IGColorPicker (from `https://github.com/AdriBoy21/IGColorPicker.git`, tag `0.4.4`)
  - RevealingSplashView (from `https://github.com/weakfl/RevealingSplashView.git`, branch `swift-5`)
  - SCLAlertView
  - SnapKit (~> 5.0.0)
  - SPAlert
  - SPFakeBar
  - SPStorkController
  - SwiftyJSON (~> 5.0.0)
  - SwipeableTabBarController
  - WhatsNewKit

SPEC REPOS:
  https://github.com/cocoapods/specs.git:
    - Alamofire
    - AppCenter
    - Crashlytics
    - EZAlertController
    - Fabric
    - Firebase
    - FirebaseABTesting
    - FirebaseAnalytics
    - FirebaseAnalyticsInterop
    - FirebaseAuthInterop
    - FirebaseCore
    - FirebaseCoreDiagnostics
    - FirebaseCoreDiagnosticsInterop
    - FirebaseDatabase
    - FirebaseInstanceID
    - FirebasePerformance
    - FirebaseRemoteConfig
    - GoogleAppMeasurement
    - GoogleDataTransport
    - GoogleDataTransportCCTSupport
    - GoogleToolboxForMac
    - GoogleUtilities
    - GTMSessionFetcher
    - leveldb-library
    - M13Checkbox
    - nanopb
    - Protobuf
    - SCLAlertView
    - SnapKit
    - SPAlert
    - SPFakeBar
    - SPStorkController
    - SwiftyJSON
    - SwipeableTabBarController
    - WhatsNewKit

EXTERNAL SOURCES:
  IGColorPicker:
    :git: https://github.com/AdriBoy21/IGColorPicker.git
    :tag: 0.4.4
  RevealingSplashView:
    :branch: swift-5
    :git: https://github.com/weakfl/RevealingSplashView.git

CHECKOUT OPTIONS:
  IGColorPicker:
    :git: https://github.com/AdriBoy21/IGColorPicker.git
    :tag: 0.4.4
  RevealingSplashView:
    :commit: 62a54f3164ed84e1a18c6981d7ff50a90af6525f
    :git: https://github.com/weakfl/RevealingSplashView.git

SPEC CHECKSUMS:
  Alamofire: cd08a4402bd12cacd0c66f23fb12fec8d6b965e4
  AppCenter: 21decaa4488024e8355e650e44ccabb69ca60d47
  Crashlytics: 2dfd686bcb918dc10ee0e76f7f853fe42c7bd552
  EZAlertController: 633be01320bed47720be54054df47667d61c2481
  Fabric: 706c8b8098fff96c33c0db69cbf81f9c551d0d74
  Firebase: 291d7b0a7b393f252358083b5d224884126fa46d
  FirebaseABTesting: a0622113a60c4dce068765e16a77e20c3331c44a
  FirebaseAnalytics: 843c7f64a8f9c79f0d03281197ebe7bb1d58d477
  FirebaseAnalyticsInterop: d48b6ab67bcf016a05e55b71fc39c61c0cb6b7f3
  FirebaseAuthInterop: 0ffa57668be100582bb7643d4fcb7615496c41fc
  FirebaseCore: 32b48f41c84a56fbde73b35ed01a830b3b6dc048
  FirebaseCoreDiagnostics: 4c04ae09d0ab027c30179828c6bb47764df1bd13
  FirebaseCoreDiagnosticsInterop: 6829da2b8d1fc795ff1bd99df751d3788035d2cb
  FirebaseDatabase: 518cd94286de2ee999e19383a2a6ae04c81ce993
  FirebaseInstanceID: 8b42755db950682e7de0d167bc6fb26a57b244af
  FirebasePerformance: 270bab0bfa55e067ffd839e4ce4e592a1bdeebd6
  FirebaseRemoteConfig: 938b338e9e56f73b4e3880213cc01287b8582468
  GoogleAppMeasurement: 86a82f0e1f20b8eedf8e20326530138fd71409de
  GoogleDataTransport: 9c3d63ed82f882a9a74d4be67dd7ad01bf046102
  GoogleDataTransportCCTSupport: 6b545f7149111180763dc18c6f372c963de4a310
  GoogleToolboxForMac: b3553629623a3b1bff17f555e736cd5a6d95ad55
  GoogleUtilities: e7dc37039b19df7fe543479d3e4a02ac8d11bb69
  GTMSessionFetcher: 61bb0f61a4cb560030f1222021178008a5727a23
  IGColorPicker: eb2cf3d44ba3e7a04f6bc0589fa553067aa619e2
  leveldb-library: 55d93ee664b4007aac644a782d11da33fba316f7
  M13Checkbox: 6f59404540ac98ba83a3d1afac335895a40c6a5d
  nanopb: 2901f78ea1b7b4015c860c2fdd1ea2fee1a18d48
  Protobuf: 1097ca58584c8d9be81bfbf2c5ff5975648dd87a
  RevealingSplashView: 830eb5d52142f2c6121f9a4805ff4de903f583b7
  SCLAlertView: 6a77bb2edfc65e04dbe57725546cb4107a506b85
  SnapKit: fd22d10eb9aff484d79a8724eab922c1ddf89bcf
  SPAlert: 292690a27df49ff131d532a0a39d89b08dd93e4d
  SPFakeBar: b74ebaa7ff9ca06a39f13dbe668238f15825ee88
  SPStorkController: be4ae2a5ee052ad78782f6144ffe7e951300ea67
  SwiftyJSON: 36413e04c44ee145039d332b4f4e2d3e8d6c4db7
  SwipeableTabBarController: 8f7f04275f510c5babb630f7be1161b5f28567e0
  WhatsNewKit: 3fc7e34db0902b086fa2760e05d4d4403a38a0e0

PODFILE CHECKSUM: 3485388985e1ec06f72460a38d64157b33783a01

COCOAPODS: 1.7.4
